hash: 1eee21efb953999bb48d73cd1868b95c3510e88e4f69794d052897fbc362901b
updated: 2017-03-16T23:06:05.602169455+07:00
imports:
- name: github.com/golang/glog
  version: 23def4e6c14b4da8ac2ed8007337bc5eb5007998
- name: github.com/google/uuid
  version: 064e2069ce9c359c118179501254f67d7d37ba24
- name: github.com/gorilla/context
  version: 08b5f424b9271eedf6f9f0ce86cb9396ed337a42
- name: github.com/gorilla/handlers
  version: 3a5767ca75ece5f7f1440b1d16975247f8d8b221
- name: github.com/gorilla/mux
  version: 392c28fe23e1c45ddba891b0320b3b5df220beea
- name: github.com/gorilla/sessions
  version: ca9ada44574153444b00d3fd9c8559e4cc95f896
- name: github.com/jinzhu/inflection
  version: 1c35d901db3da928c72a72d8458480cc9ade058f
- name: github.com/leekchan/accounting
  version: a35854c075934d6aa1a6c1ab3ea8a82ee0dc1a93
- name: github.com/namsral/flag
  version: 71ceffbeb0ba60fccc853971bb3ed4d7d90bfd04
- name: gopkg.in/pg.v5
  version: 2246060a2a43f8282ad53295d56d780dbc930b7f
  subpackages:
  - internal
  - internal/parser
  - internal/pool
  - orm
  - types
testImports: []
